
Microsoft Visual Studio Solution File, Format Version 12.00
# Visual Studio Version 16
VisualStudioVersion = 16.0.29519.87
MinimumVisualStudioVersion = 10.0.40219.1
Project("{9A19103F-16F7-4668-BE54-9A1E7A4F7556}") = "CheapAwesome.API", "CheapAwesomeAPI\CheapAwesome.API.csproj", "{90E5DB82-EDF6-449F-BF2E-EECBEB4A143B}"
EndProject
Project("{9A19103F-16F7-4668-BE54-9A1E7A4F7556}") = "CheapAwesome.Domain", "CheapAwesomeDomain\CheapAwesome.Domain.csproj", "{88DF2175-A826-4D16-90C1-6434C08908A3}"
EndProject
Project("{9A19103F-16F7-4668-BE54-9A1E7A4F7556}") = "CheapAwesome.Infrastructure", "CheapAwesome.Infrastructure\CheapAwesome.Infrastructure.csproj", "{89241CB5-3CC2-4835-941A-C7068BE5E04F}"
EndProject
Project("{9A19103F-16F7-4668-BE54-9A1E7A4F7556}") = "BargainHotelSupplier", "BargainsHotelSupplier\BargainHotelSupplier.csproj", "{80139740-ED96-4C20-9539-B285ECABC440}"
EndProject
Global
	GlobalSection(SolutionConfigurationPlatforms) = preSolution
		Debug|Any CPU = Debug|Any CPU
		Release|Any CPU = Release|Any CPU
	EndGlobalSection
	GlobalSection(ProjectConfigurationPlatforms) = postSolution
		{90E5DB82-EDF6-449F-BF2E-EECBEB4A143B}.Debug|Any CPU.ActiveCfg = Debug|Any CPU
		{90E5DB82-EDF6-449F-BF2E-EECBEB4A143B}.Debug|Any CPU.Build.0 = Debug|Any CPU
		{90E5DB82-EDF6-449F-BF2E-EECBEB4A143B}.Release|Any CPU.ActiveCfg = Release|Any CPU
		{90E5DB82-EDF6-449F-BF2E-EECBEB4A143B}.Release|Any CPU.Build.0 = Release|Any CPU
		{88DF2175-A826-4D16-90C1-6434C08908A3}.Debug|Any CPU.ActiveCfg = Debug|Any CPU
		{88DF2175-A826-4D16-90C1-6434C08908A3}.Debug|Any CPU.Build.0 = Debug|Any CPU
		{88DF2175-A826-4D16-90C1-6434C08908A3}.Release|Any CPU.ActiveCfg = Release|Any CPU
		{88DF2175-A826-4D16-90C1-6434C08908A3}.Release|Any CPU.Build.0 = Release|Any CPU
		{89241CB5-3CC2-4835-941A-C7068BE5E04F}.Debug|Any CPU.ActiveCfg = Debug|Any CPU
		{89241CB5-3CC2-4835-941A-C7068BE5E04F}.Debug|Any CPU.Build.0 = Debug|Any CPU
		{89241CB5-3CC2-4835-941A-C7068BE5E04F}.Release|Any CPU.ActiveCfg = Release|Any CPU
		{89241CB5-3CC2-4835-941A-C7068BE5E04F}.Release|Any CPU.Build.0 = Release|Any CPU
		{80139740-ED96-4C20-9539-B285ECABC440}.Debug|Any CPU.ActiveCfg = Debug|Any CPU
		{80139740-ED96-4C20-9539-B285ECABC440}.Debug|Any CPU.Build.0 = Debug|Any CPU
		{80139740-ED96-4C20-9539-B285ECABC440}.Release|Any CPU.ActiveCfg = Release|Any CPU
		{80139740-ED96-4C20-9539-B285ECABC440}.Release|Any CPU.Build.0 = Release|Any CPU
	EndGlobalSection
	GlobalSection(SolutionProperties) = preSolution
		HideSolutionNode = FALSE
	EndGlobalSection
	GlobalSection(ExtensibilityGlobals) = postSolution
		SolutionGuid = {7852DA5B-99AC-4C3B-8ADD-C6E46796B6F5}
	EndGlobalSection
EndGlobal
